Microsoft Visual Studio Solution File, Format Version 12.00
# Visual Studio Version 17
VisualStudioVersion = 17.5.2.0
MinimumVisualStudioVersion = 10.0.40219.1
Project("{FAE04EC0-301F-11D3-BF4B-00C04F79EFBC}") = "ProjetoHelpDeskN2", "ProjetoHelpDeskN2.csproj", "{C3B3EF7D-BFEA-6CB5-C002-EC99C9061764}"
EndProject
Global
	GlobalSection(SolutionConfigurationPlatforms) = preSolution
		Debug|Any CPU = Debug|Any CPU
		Release|Any CPU = Release|Any CPU
	EndGlobalSection
	GlobalSection(ProjectConfigurationPlatforms) = postSolution
		{C3B3EF7D-BFEA-6CB5-C002-EC99C9061764}.Debug|Any CPU.ActiveCfg = Debug|Any CPU
		{C3B3EF7D-BFEA-6CB5-C002-EC99C9061764}.Debug|Any CPU.Build.0 = Debug|Any CPU
		{C3B3EF7D-BFEA-6CB5-C002-EC99C9061764}.Release|Any CPU.ActiveCfg = Release|Any CPU
		{C3B3EF7D-BFEA-6CB5-C002-EC99C9061764}.Release|Any CPU.Build.0 = Release|Any CPU
	EndGlobalSection
	GlobalSection(SolutionProperties) = preSolution
		HideSolutionNode = FALSE
	EndGlobalSection
	GlobalSection(ExtensibilityGlobals) = postSolution
		SolutionGuid = {57A6231A-7515-4715-A2D9-F5A641650494}
	EndGlobalSection
EndGlobal
